
Microsoft Visual Studio Solution File, Format Version 12.00
# Visual Studio 2012
Project("{FAE04EC0-301F-11D3-BF4B-00C04F79EFBC}") = "FiberVerification.Editing.Api", "FiberVerification.Editing.Api.csproj", "{ED638DD5-E755-4B7A-940D-5C94AB425686}"
EndProject
Project("{FAE04EC0-301F-11D3-BF4B-00C04F79EFBC}") = "Containers", "..\Containers\Containers.csproj", "{C0D9871E-B3A2-4F52-983C-0C5CDAD42836}"
EndProject
Project("{FAE04EC0-301F-11D3-BF4B-00C04F79EFBC}") = "CommandPattern", "..\CommandPattern\CommandPattern.csproj", "{B041C22A-A2FA-4805-BB6C-80C1E1C4FE4D}"
EndProject
Global
	GlobalSection(SolutionConfigurationPlatforms) = preSolution
		Debug|Any CPU = Debug|Any CPU
		Release|Any CPU = Release|Any CPU
		Scott|Any CPU = Scott|Any CPU
		Stage|Any CPU = Stage|Any CPU
	EndGlobalSection
	GlobalSection(ProjectConfigurationPlatforms) = postSolution
		{ED638DD5-E755-4B7A-940D-5C94AB425686}.Debug|Any CPU.ActiveCfg = Debug|Any CPU
		{ED638DD5-E755-4B7A-940D-5C94AB425686}.Debug|Any CPU.Build.0 = Debug|Any CPU
		{ED638DD5-E755-4B7A-940D-5C94AB425686}.Release|Any CPU.ActiveCfg = Release|Any CPU
		{ED638DD5-E755-4B7A-940D-5C94AB425686}.Release|Any CPU.Build.0 = Release|Any CPU
		{ED638DD5-E755-4B7A-940D-5C94AB425686}.Scott|Any CPU.ActiveCfg = Scott|Any CPU
		{ED638DD5-E755-4B7A-940D-5C94AB425686}.Scott|Any CPU.Build.0 = Scott|Any CPU
		{ED638DD5-E755-4B7A-940D-5C94AB425686}.Stage|Any CPU.ActiveCfg = Release|Any CPU
		{ED638DD5-E755-4B7A-940D-5C94AB425686}.Stage|Any CPU.Build.0 = Release|Any CPU
		{C0D9871E-B3A2-4F52-983C-0C5CDAD42836}.Debug|Any CPU.ActiveCfg = Debug|Any CPU
		{C0D9871E-B3A2-4F52-983C-0C5CDAD42836}.Debug|Any CPU.Build.0 = Debug|Any CPU
		{C0D9871E-B3A2-4F52-983C-0C5CDAD42836}.Release|Any CPU.ActiveCfg = Release|Any CPU
		{C0D9871E-B3A2-4F52-983C-0C5CDAD42836}.Release|Any CPU.Build.0 = Release|Any CPU
		{C0D9871E-B3A2-4F52-983C-0C5CDAD42836}.Scott|Any CPU.ActiveCfg = Debug|Any CPU
		{C0D9871E-B3A2-4F52-983C-0C5CDAD42836}.Scott|Any CPU.Build.0 = Debug|Any CPU
		{C0D9871E-B3A2-4F52-983C-0C5CDAD42836}.Stage|Any CPU.ActiveCfg = Release|Any CPU
		{C0D9871E-B3A2-4F52-983C-0C5CDAD42836}.Stage|Any CPU.Build.0 = Release|Any CPU
		{B041C22A-A2FA-4805-BB6C-80C1E1C4FE4D}.Debug|Any CPU.ActiveCfg = Debug|Any CPU
		{B041C22A-A2FA-4805-BB6C-80C1E1C4FE4D}.Debug|Any CPU.Build.0 = Debug|Any CPU
		{B041C22A-A2FA-4805-BB6C-80C1E1C4FE4D}.Release|Any CPU.ActiveCfg = Release|Any CPU
		{B041C22A-A2FA-4805-BB6C-80C1E1C4FE4D}.Release|Any CPU.Build.0 = Release|Any CPU
		{B041C22A-A2FA-4805-BB6C-80C1E1C4FE4D}.Scott|Any CPU.ActiveCfg = Debug|Any CPU
		{B041C22A-A2FA-4805-BB6C-80C1E1C4FE4D}.Scott|Any CPU.Build.0 = Debug|Any CPU
		{B041C22A-A2FA-4805-BB6C-80C1E1C4FE4D}.Stage|Any CPU.ActiveCfg = Stage|Any CPU
		{B041C22A-A2FA-4805-BB6C-80C1E1C4FE4D}.Stage|Any CPU.Build.0 = Stage|Any CPU
	EndGlobalSection
	GlobalSection(SolutionProperties) = preSolution
		HideSolutionNode = FALSE
	EndGlobalSection
EndGlobal
